{
    "version": 3,
    "terraform_version": "0.7.0",
    "serial": 0,
    "lineage": "261965d1-fc2e-4d54-b4af-3c831d8c14b0",
    "modules": [
        {
            "path": [
                "root"
            ],
            "outputs": {},
            "resources": {
                "aws_instance.example": {
                    "type": "aws_instance",
                    "depends_on": [
                        "aws_security_group.sg_ext_vpn",
                        "aws_subnet.Private_1a"
                    ],
                    "primary": {
                        "id": "i-8542cb38",
                        "attributes": {
                            "ami": "ami-004abc6f",
                            "associate_public_ip_address": "true",
                            "availability_zone": "eu-central-1a",
                            "disable_api_termination": "false",
                            "ebs_block_device.#": "0",
                            "ebs_optimized": "false",
                            "ephemeral_block_device.#": "0",
                            "iam_instance_profile": "",
                            "id": "i-8542cb38",
                            "instance_state": "running",
                            "instance_type": "t2.micro",
                            "key_name": "vpn-demo",
                            "monitoring": "false",
                            "network_interface_id": "eni-5d6d6e37",
                            "private_dns": "ip-10-0-0-100.eu-central-1.compute.internal",
                            "private_ip": "10.0.0.100",
                            "public_dns": "",
                            "public_ip": "54.93.130.185",
                            "root_block_device.#": "1",
                            "root_block_device.0.delete_on_termination": "true",
                            "root_block_device.0.iops": "100",
                            "root_block_device.0.volume_size": "8",
                            "root_block_device.0.volume_type": "gp2",
                            "security_groups.#": "0",
                            "source_dest_check": "false",
                            "subnet_id": "subnet-2b6cb143",
                            "tags.%": "1",
                            "tags.Name": "vpn-demo-dev-server",
                            "tenancy": "default",
                            "vpc_security_group_ids.#": "1",
                            "vpc_security_group_ids.708520365": "sg-cf6701a7"
                        },
                        "meta": {
                            "schema_version": "1"
                        }
                    }
                },
                "aws_internet_gateway.IGW": {
                    "type": "aws_internet_gateway",
                    "depends_on": [
                        "aws_vpc.vpn-demo"
                    ],
                    "primary": {
                        "id": "igw-2a1d6b43",
                        "attributes": {
                            "id": "igw-2a1d6b43",
                            "tags.%": "1",
                            "tags.Name": "IGW",
                            "vpc_id": "vpc-74ebf01d"
                        }
                    }
                },
                "aws_main_route_table_association.vpn-demo_Routing_Table_Association": {
                    "type": "aws_main_route_table_association",
                    "depends_on": [
                        "aws_route_table.vpn-demo_External",
                        "aws_vpc.vpn-demo"
                    ],
                    "primary": {
                        "id": "rtbassoc-454bc22d",
                        "attributes": {
                            "id": "rtbassoc-454bc22d",
                            "original_route_table_id": "rtb-df8c72b7",
                            "route_table_id": "rtb-d38c72bb",
                            "vpc_id": "vpc-74ebf01d"
                        }
                    }
                },
                "aws_route_table.vpn-demo_External": {
                    "type": "aws_route_table",
                    "depends_on": [
                        "aws_internet_gateway.IGW",
                        "aws_vpc.vpn-demo"
                    ],
                    "primary": {
                        "id": "rtb-d38c72bb",
                        "attributes": {
                            "id": "rtb-d38c72bb",
                            "propagating_vgws.#": "0",
                            "route.#": "1",
                            "route.4086876664.cidr_block": "0.0.0.0/0",
                            "route.4086876664.gateway_id": "igw-2a1d6b43",
                            "route.4086876664.instance_id": "",
                            "route.4086876664.nat_gateway_id": "",
                            "route.4086876664.network_interface_id": "",
                            "route.4086876664.vpc_peering_connection_id": "",
                            "tags.%": "1",
                            "tags.Name": "vpn-demo_External",
                            "vpc_id": "vpc-74ebf01d"
                        }
                    }
                },
                "aws_route_table_association.External_1a": {
                    "type": "aws_route_table_association",
                    "depends_on": [
                        "aws_route_table.vpn-demo_External",
                        "aws_subnet.Public_1a"
                    ],
                    "primary": {
                        "id": "rtbassoc-474bc22f",
                        "attributes": {
                            "id": "rtbassoc-474bc22f",
                            "route_table_id": "rtb-d38c72bb",
                            "subnet_id": "subnet-2c6cb144"
                        }
                    }
                },
                "aws_route_table_association.External_1b": {
                    "type": "aws_route_table_association",
                    "depends_on": [
                        "aws_route_table.vpn-demo_External",
                        "aws_subnet.Public_1b"
                    ],
                    "primary": {
                        "id": "rtbassoc-464bc22e",
                        "attributes": {
                            "id": "rtbassoc-464bc22e",
                            "route_table_id": "rtb-d38c72bb",
                            "subnet_id": "subnet-4f38da35"
                        }
                    }
                },
                "aws_security_group.sg_ext_vpn": {
                    "type": "aws_security_group",
                    "depends_on": [
                        "aws_vpc.vpn-demo"
                    ],
                    "primary": {
                        "id": "sg-cf6701a7",
                        "attributes": {
                            "description": "VPN public network security group",
                            "egress.#": "1",
                            "egress.482069346.cidr_blocks.#": "1",
                            "egress.482069346.cidr_blocks.0": "0.0.0.0/0",
                            "egress.482069346.from_port": "0",
                            "egress.482069346.prefix_list_ids.#": "0",
                            "egress.482069346.protocol": "-1",
                            "egress.482069346.security_groups.#": "0",
                            "egress.482069346.self": "false",
                            "egress.482069346.to_port": "0",
                            "id": "sg-cf6701a7",
                            "ingress.#": "5",
                            "ingress.1799340084.cidr_blocks.#": "1",
                            "ingress.1799340084.cidr_blocks.0": "0.0.0.0/0",
                            "ingress.1799340084.from_port": "-1",
                            "ingress.1799340084.protocol": "ICMP",
                            "ingress.1799340084.security_groups.#": "0",
                            "ingress.1799340084.self": "false",
                            "ingress.1799340084.to_port": "-1",
                            "ingress.2651317642.cidr_blocks.#": "1",
                            "ingress.2651317642.cidr_blocks.0": "0.0.0.0/0",
                            "ingress.2651317642.from_port": "500",
                            "ingress.2651317642.protocol": "UDP",
                            "ingress.2651317642.security_groups.#": "0",
                            "ingress.2651317642.self": "false",
                            "ingress.2651317642.to_port": "500",
                            "ingress.2921604924.cidr_blocks.#": "1",
                            "ingress.2921604924.cidr_blocks.0": "193.240.153.130/32",
                            "ingress.2921604924.from_port": "22",
                            "ingress.2921604924.protocol": "TCP",
                            "ingress.2921604924.security_groups.#": "0",
                            "ingress.2921604924.self": "false",
                            "ingress.2921604924.to_port": "22",
                            "ingress.2975749511.cidr_blocks.#": "1",
                            "ingress.2975749511.cidr_blocks.0": "0.0.0.0/0",
                            "ingress.2975749511.from_port": "500",
                            "ingress.2975749511.protocol": "TCP",
                            "ingress.2975749511.security_groups.#": "0",
                            "ingress.2975749511.self": "false",
                            "ingress.2975749511.to_port": "500",
                            "ingress.3920249272.cidr_blocks.#": "1",
                            "ingress.3920249272.cidr_blocks.0": "0.0.0.0/0",
                            "ingress.3920249272.from_port": "4500",
                            "ingress.3920249272.protocol": "UDP",
                            "ingress.3920249272.security_groups.#": "0",
                            "ingress.3920249272.self": "false",
                            "ingress.3920249272.to_port": "4501",
                            "name": "sg_ext_vpn",
                            "owner_id": "333932898268",
                            "tags.%": "1",
                            "tags.Name": "vpn-demo-dev-sg_ext_vpn",
                            "vpc_id": "vpc-74ebf01d"
                        }
                    }
                },
                "aws_subnet.Private_1a": {
                    "type": "aws_subnet",
                    "depends_on": [
                        "aws_vpc.vpn-demo"
                    ],
                    "primary": {
                        "id": "subnet-2b6cb143",
                        "attributes": {
                            "availability_zone": "eu-central-1a",
                            "cidr_block": "10.0.0.0/24",
                            "id": "subnet-2b6cb143",
                            "map_public_ip_on_launch": "false",
                            "tags.%": "1",
                            "tags.Name": "Private_1a",
                            "vpc_id": "vpc-74ebf01d"
                        }
                    }
                },
                "aws_subnet.Private_1b": {
                    "type": "aws_subnet",
                    "depends_on": [
                        "aws_vpc.vpn-demo"
                    ],
                    "primary": {
                        "id": "subnet-4c38da36",
                        "attributes": {
                            "availability_zone": "eu-central-1b",
                            "cidr_block": "10.0.1.0/24",
                            "id": "subnet-4c38da36",
                            "map_public_ip_on_launch": "false",
                            "tags.%": "1",
                            "tags.Name": "Private_1b",
                            "vpc_id": "vpc-74ebf01d"
                        }
                    }
                },
                "aws_subnet.Public_1a": {
                    "type": "aws_subnet",
                    "depends_on": [
                        "aws_vpc.vpn-demo"
                    ],
                    "primary": {
                        "id": "subnet-2c6cb144",
                        "attributes": {
                            "availability_zone": "eu-central-1a",
                            "cidr_block": "10.0.8.0/24",
                            "id": "subnet-2c6cb144",
                            "map_public_ip_on_launch": "false",
                            "tags.%": "1",
                            "tags.Name": "Public_1a",
                            "vpc_id": "vpc-74ebf01d"
                        }
                    }
                },
                "aws_subnet.Public_1b": {
                    "type": "aws_subnet",
                    "depends_on": [
                        "aws_vpc.vpn-demo"
                    ],
                    "primary": {
                        "id": "subnet-4f38da35",
                        "attributes": {
                            "availability_zone": "eu-central-1b",
                            "cidr_block": "10.0.9.0/24",
                            "id": "subnet-4f38da35",
                            "map_public_ip_on_launch": "false",
                            "tags.%": "1",
                            "tags.Name": "Public_1b",
                            "vpc_id": "vpc-74ebf01d"
                        }
                    }
                },
                "aws_vpc.vpn-demo": {
                    "type": "aws_vpc",
                    "primary": {
                        "id": "vpc-74ebf01d",
                        "attributes": {
                            "cidr_block": "10.0.0.0/20",
                            "default_network_acl_id": "acl-b83fccd0",
                            "default_security_group_id": "sg-cd6701a5",
                            "dhcp_options_id": "dopt-c7af5eae",
                            "enable_dns_hostnames": "false",
                            "enable_dns_support": "true",
                            "id": "vpc-74ebf01d",
                            "instance_tenancy": "default",
                            "main_route_table_id": "rtb-df8c72b7",
                            "tags.%": "1",
                            "tags.Name": "vpn-demo-dev"
                        }
                    }
                }
            }
        }
    ]
}
